
Microsoft Visual Studio Solution File, Format Version 12.00
# Visual Studio Version 17
VisualStudioVersion = 17.9.34728.123
MinimumVisualStudioVersion = 10.0.40219.1
Project("{2150E333-8FDC-42A3-9474-1A3956D46DE8}") = "src", "src", "{13C44D6F-4DA1-4855-8BE3-712AE73F4343}"
EndProject
Project("{2150E333-8FDC-42A3-9474-1A3956D46DE8}") = "tests", "tests", "{61DC7D81-5656-4426-9A2E-08828347C632}"
EndProject
Project("{FAE04EC0-301F-11D3-BF4B-00C04F79EFBC}") = "JG.Code.Catalog.UnitTests", "tests\JG.Code.Catalog.UnitTests\JG.Code.Catalog.UnitTests.csproj", "{F1FD1B27-41D6-4006-8AE5-8E13AE25C009}"
EndProject
Global
	GlobalSection(SolutionConfigurationPlatforms) = preSolution
		Debug|Any CPU = Debug|Any CPU
		Release|Any CPU = Release|Any CPU
	EndGlobalSection
	GlobalSection(ProjectConfigurationPlatforms) = postSolution
		{F1FD1B27-41D6-4006-8AE5-8E13AE25C009}.Debug|Any CPU.ActiveCfg = Debug|Any CPU
		{F1FD1B27-41D6-4006-8AE5-8E13AE25C009}.Debug|Any CPU.Build.0 = Debug|Any CPU
		{F1FD1B27-41D6-4006-8AE5-8E13AE25C009}.Release|Any CPU.ActiveCfg = Release|Any CPU
		{F1FD1B27-41D6-4006-8AE5-8E13AE25C009}.Release|Any CPU.Build.0 = Release|Any CPU
	EndGlobalSection
	GlobalSection(SolutionProperties) = preSolution
		HideSolutionNode = FALSE
	EndGlobalSection
	GlobalSection(NestedProjects) = preSolution
		{F1FD1B27-41D6-4006-8AE5-8E13AE25C009} = {61DC7D81-5656-4426-9A2E-08828347C632}
	EndGlobalSection
	GlobalSection(ExtensibilityGlobals) = postSolution
		SolutionGuid = {3FA202AC-35F3-462D-9407-B684A1D66C1A}
	EndGlobalSection
EndGlobal
