
Microsoft Visual Studio Solution File, Format Version 12.00
# Visual Studio Version 17
VisualStudioVersion = 17.9.34728.123
MinimumVisualStudioVersion = 10.0.40219.1
Project("{2150E333-8FDC-42A3-9474-1A3956D46DE8}") = "src", "src", "{13C44D6F-4DA1-4855-8BE3-712AE73F4343}"
EndProject
Project("{2150E333-8FDC-42A3-9474-1A3956D46DE8}") = "tests", "tests", "{61DC7D81-5656-4426-9A2E-08828347C632}"
EndProject
Project("{9A19103F-16F7-4668-BE54-9A1E7A4F7556}") = "JG.Code.Catalog.UnitTests", "tests\JG.Code.Catalog.UnitTests\JG.Code.Catalog.UnitTests.csproj", "{F1FD1B27-41D6-4006-8AE5-8E13AE25C009}"
EndProject
Project("{9A19103F-16F7-4668-BE54-9A1E7A4F7556}") = "JG.Code.Catalog.Domain", "src\JG.Code.Catalog.Domain\JG.Code.Catalog.Domain.csproj", "{14AB500C-DBE2-4672-86F9-495B41C25B58}"
EndProject
Project("{9A19103F-16F7-4668-BE54-9A1E7A4F7556}") = "JG.Code.Catalog.Application", "src\JG.Code.Catalog.Application\JG.Code.Catalog.Application.csproj", "{25141C52-881F-4351-8105-CDE3D415058B}"
EndProject
Project("{9A19103F-16F7-4668-BE54-9A1E7A4F7556}") = "JG.Code.Catalog.IntegrationTests", "tests\JG.Code.Catalog.IntegrationTests\JG.Code.Catalog.IntegrationTests.csproj", "{68414B1C-EB1D-420F-8BE0-3CFC9DF99B2B}"
EndProject
Project("{9A19103F-16F7-4668-BE54-9A1E7A4F7556}") = "JG.Code.Catalog.Infra.Data.EF", "src\JG.Code.Catalog.Infra.Data.EF\JG.Code.Catalog.Infra.Data.EF.csproj", "{8F000B48-4CA6-4C57-BCEE-EBF4986ACE4B}"
EndProject
Project("{FAE04EC0-301F-11D3-BF4B-00C04F79EFBC}") = "JG.Code.Catalog.EndToEndTests", "tests\JG.Code.Catalog.EndToEndTests\JG.Code.Catalog.EndToEndTests.csproj", "{06551076-BF92-4461-BFD9-E95C0E652884}"
EndProject
Global
	GlobalSection(SolutionConfigurationPlatforms) = preSolution
		Debug|Any CPU = Debug|Any CPU
		Release|Any CPU = Release|Any CPU
	EndGlobalSection
	GlobalSection(ProjectConfigurationPlatforms) = postSolution
		{F1FD1B27-41D6-4006-8AE5-8E13AE25C009}.Debug|Any CPU.ActiveCfg = Debug|Any CPU
		{F1FD1B27-41D6-4006-8AE5-8E13AE25C009}.Debug|Any CPU.Build.0 = Debug|Any CPU
		{F1FD1B27-41D6-4006-8AE5-8E13AE25C009}.Release|Any CPU.ActiveCfg = Release|Any CPU
		{F1FD1B27-41D6-4006-8AE5-8E13AE25C009}.Release|Any CPU.Build.0 = Release|Any CPU
		{14AB500C-DBE2-4672-86F9-495B41C25B58}.Debug|Any CPU.ActiveCfg = Debug|Any CPU
		{14AB500C-DBE2-4672-86F9-495B41C25B58}.Debug|Any CPU.Build.0 = Debug|Any CPU
		{14AB500C-DBE2-4672-86F9-495B41C25B58}.Release|Any CPU.ActiveCfg = Release|Any CPU
		{14AB500C-DBE2-4672-86F9-495B41C25B58}.Release|Any CPU.Build.0 = Release|Any CPU
		{25141C52-881F-4351-8105-CDE3D415058B}.Debug|Any CPU.ActiveCfg = Debug|Any CPU
		{25141C52-881F-4351-8105-CDE3D415058B}.Debug|Any CPU.Build.0 = Debug|Any CPU
		{25141C52-881F-4351-8105-CDE3D415058B}.Release|Any CPU.ActiveCfg = Release|Any CPU
		{25141C52-881F-4351-8105-CDE3D415058B}.Release|Any CPU.Build.0 = Release|Any CPU
		{68414B1C-EB1D-420F-8BE0-3CFC9DF99B2B}.Debug|Any CPU.ActiveCfg = Debug|Any CPU
		{68414B1C-EB1D-420F-8BE0-3CFC9DF99B2B}.Debug|Any CPU.Build.0 = Debug|Any CPU
		{68414B1C-EB1D-420F-8BE0-3CFC9DF99B2B}.Release|Any CPU.ActiveCfg = Release|Any CPU
		{68414B1C-EB1D-420F-8BE0-3CFC9DF99B2B}.Release|Any CPU.Build.0 = Release|Any CPU
		{8F000B48-4CA6-4C57-BCEE-EBF4986ACE4B}.Debug|Any CPU.ActiveCfg = Debug|Any CPU
		{8F000B48-4CA6-4C57-BCEE-EBF4986ACE4B}.Debug|Any CPU.Build.0 = Debug|Any CPU
		{8F000B48-4CA6-4C57-BCEE-EBF4986ACE4B}.Release|Any CPU.ActiveCfg = Release|Any CPU
		{8F000B48-4CA6-4C57-BCEE-EBF4986ACE4B}.Release|Any CPU.Build.0 = Release|Any CPU
		{06551076-BF92-4461-BFD9-E95C0E652884}.Debug|Any CPU.ActiveCfg = Debug|Any CPU
		{06551076-BF92-4461-BFD9-E95C0E652884}.Debug|Any CPU.Build.0 = Debug|Any CPU
		{06551076-BF92-4461-BFD9-E95C0E652884}.Release|Any CPU.ActiveCfg = Release|Any CPU
		{06551076-BF92-4461-BFD9-E95C0E652884}.Release|Any CPU.Build.0 = Release|Any CPU
	EndGlobalSection
	GlobalSection(SolutionProperties) = preSolution
		HideSolutionNode = FALSE
	EndGlobalSection
	GlobalSection(NestedProjects) = preSolution
		{F1FD1B27-41D6-4006-8AE5-8E13AE25C009} = {61DC7D81-5656-4426-9A2E-08828347C632}
		{14AB500C-DBE2-4672-86F9-495B41C25B58} = {13C44D6F-4DA1-4855-8BE3-712AE73F4343}
		{25141C52-881F-4351-8105-CDE3D415058B} = {13C44D6F-4DA1-4855-8BE3-712AE73F4343}
		{68414B1C-EB1D-420F-8BE0-3CFC9DF99B2B} = {61DC7D81-5656-4426-9A2E-08828347C632}
		{8F000B48-4CA6-4C57-BCEE-EBF4986ACE4B} = {13C44D6F-4DA1-4855-8BE3-712AE73F4343}
		{06551076-BF92-4461-BFD9-E95C0E652884} = {61DC7D81-5656-4426-9A2E-08828347C632}
	EndGlobalSection
	GlobalSection(ExtensibilityGlobals) = postSolution
		SolutionGuid = {3FA202AC-35F3-462D-9407-B684A1D66C1A}
	EndGlobalSection
EndGlobal
